
Microsoft Visual Studio Solution File, Format Version 12.00
# Visual Studio Version 17
VisualStudioVersion = 17.2.32630.192
MinimumVisualStudioVersion = 10.0.40219.1
Project("{FAE04EC0-301F-11D3-BF4B-00C04F79EFBC}") = "EventHubSender", "EventHubSender\EventHubSender.csproj", "{97ACB97C-388B-4E38-BDAD-7868ED92D2B7}"
EndProject
Project("{FAE04EC0-301F-11D3-BF4B-00C04F79EFBC}") = "EventHubReceiver", "EventHubReceiver\EventHubReceiver.csproj", "{30D3BBE5-C6A8-40D5-9F56-5E7509403DDF}"
EndProject
Project("{FAE04EC0-301F-11D3-BF4B-00C04F79EFBC}") = "EventHubSenderClassLibrary", "EventHubSenderClassLibrary\EventHubSenderClassLibrary.csproj", "{79084E07-ABD9-43E5-8333-C80A1E34A0A3}"
EndProject
Project("{FAE04EC0-301F-11D3-BF4B-00C04F79EFBC}") = "ClassLibraryOSTest", "ClassLibraryOSTest\ClassLibraryOSTest.csproj", "{57639FA1-0C40-43F3-A437-A80DD7F12422}"
EndProject
Project("{FAE04EC0-301F-11D3-BF4B-00C04F79EFBC}") = "WindowsFormsApp1", "WindowsFormsApp1\WindowsFormsApp1.csproj", "{36EC819F-A310-41F6-99D0-BEBEBEBB235A}"
EndProject
Project("{FAE04EC0-301F-11D3-BF4B-00C04F79EFBC}") = "EventHubReceiverMT", "EventHubReceiverMT\EventHubReceiverMT.csproj", "{173F6B28-739C-4A40-BA1A-B35D0AF1358C}"
EndProject
Project("{FAE04EC0-301F-11D3-BF4B-00C04F79EFBC}") = "TaskThreadingAndCancellation", "TaskThreadingAndCancellation\TaskThreadingAndCancellation.csproj", "{111BD008-3ED6-4039-9D5C-C1A746417BF4}"
EndProject
Global
	GlobalSection(SolutionConfigurationPlatforms) = preSolution
		Debug|Any CPU = Debug|Any CPU
		Release|Any CPU = Release|Any CPU
	EndGlobalSection
	GlobalSection(ProjectConfigurationPlatforms) = postSolution
		{97ACB97C-388B-4E38-BDAD-7868ED92D2B7}.Debug|Any CPU.ActiveCfg = Debug|Any CPU
		{97ACB97C-388B-4E38-BDAD-7868ED92D2B7}.Debug|Any CPU.Build.0 = Debug|Any CPU
		{97ACB97C-388B-4E38-BDAD-7868ED92D2B7}.Release|Any CPU.ActiveCfg = Release|Any CPU
		{97ACB97C-388B-4E38-BDAD-7868ED92D2B7}.Release|Any CPU.Build.0 = Release|Any CPU
		{30D3BBE5-C6A8-40D5-9F56-5E7509403DDF}.Debug|Any CPU.ActiveCfg = Debug|Any CPU
		{30D3BBE5-C6A8-40D5-9F56-5E7509403DDF}.Debug|Any CPU.Build.0 = Debug|Any CPU
		{30D3BBE5-C6A8-40D5-9F56-5E7509403DDF}.Release|Any CPU.ActiveCfg = Release|Any CPU
		{30D3BBE5-C6A8-40D5-9F56-5E7509403DDF}.Release|Any CPU.Build.0 = Release|Any CPU
		{79084E07-ABD9-43E5-8333-C80A1E34A0A3}.Debug|Any CPU.ActiveCfg = Debug|Any CPU
		{79084E07-ABD9-43E5-8333-C80A1E34A0A3}.Debug|Any CPU.Build.0 = Debug|Any CPU
		{79084E07-ABD9-43E5-8333-C80A1E34A0A3}.Release|Any CPU.ActiveCfg = Release|Any CPU
		{79084E07-ABD9-43E5-8333-C80A1E34A0A3}.Release|Any CPU.Build.0 = Release|Any CPU
		{57639FA1-0C40-43F3-A437-A80DD7F12422}.Debug|Any CPU.ActiveCfg = Debug|Any CPU
		{57639FA1-0C40-43F3-A437-A80DD7F12422}.Debug|Any CPU.Build.0 = Debug|Any CPU
		{57639FA1-0C40-43F3-A437-A80DD7F12422}.Release|Any CPU.ActiveCfg = Release|Any CPU
		{57639FA1-0C40-43F3-A437-A80DD7F12422}.Release|Any CPU.Build.0 = Release|Any CPU
		{36EC819F-A310-41F6-99D0-BEBEBEBB235A}.Debug|Any CPU.ActiveCfg = Debug|Any CPU
		{36EC819F-A310-41F6-99D0-BEBEBEBB235A}.Debug|Any CPU.Build.0 = Debug|Any CPU
		{36EC819F-A310-41F6-99D0-BEBEBEBB235A}.Release|Any CPU.ActiveCfg = Release|Any CPU
		{36EC819F-A310-41F6-99D0-BEBEBEBB235A}.Release|Any CPU.Build.0 = Release|Any CPU
		{173F6B28-739C-4A40-BA1A-B35D0AF1358C}.Debug|Any CPU.ActiveCfg = Debug|Any CPU
		{173F6B28-739C-4A40-BA1A-B35D0AF1358C}.Debug|Any CPU.Build.0 = Debug|Any CPU
		{173F6B28-739C-4A40-BA1A-B35D0AF1358C}.Release|Any CPU.ActiveCfg = Release|Any CPU
		{173F6B28-739C-4A40-BA1A-B35D0AF1358C}.Release|Any CPU.Build.0 = Release|Any CPU
		{111BD008-3ED6-4039-9D5C-C1A746417BF4}.Debug|Any CPU.ActiveCfg = Debug|Any CPU
		{111BD008-3ED6-4039-9D5C-C1A746417BF4}.Debug|Any CPU.Build.0 = Debug|Any CPU
		{111BD008-3ED6-4039-9D5C-C1A746417BF4}.Release|Any CPU.ActiveCfg = Release|Any CPU
		{111BD008-3ED6-4039-9D5C-C1A746417BF4}.Release|Any CPU.Build.0 = Release|Any CPU
	EndGlobalSection
	GlobalSection(SolutionProperties) = preSolution
		HideSolutionNode = FALSE
	EndGlobalSection
	GlobalSection(ExtensibilityGlobals) = postSolution
		SolutionGuid = {195FB100-9417-4002-883D-AC99F6CC7CAA}
	EndGlobalSection
EndGlobal
